
Microsoft Visual Studio Solution File, Format Version 12.00
# Visual Studio 15
VisualStudioVersion = 15.0.28307.645
MinimumVisualStudioVersion = 10.0.40219.1
Project("{FAE04EC0-301F-11D3-BF4B-00C04F79EFBC}") = "GameOfLife", "GameOfLife\GameOfLife.csproj", "{29917E57-3BB8-4D36-A1DB-1E2DC834819D}"
EndProject
Global
	GlobalSection(SolutionConfigurationPlatforms) = preSolution
		Debug|Any CPU = Debug|Any CPU
		Release|Any CPU = Release|Any CPU
	EndGlobalSection
	GlobalSection(ProjectConfigurationPlatforms) = postSolution
		{29917E57-3BB8-4D36-A1DB-1E2DC834819D}.Debug|Any CPU.ActiveCfg = Debug|Any CPU
		{29917E57-3BB8-4D36-A1DB-1E2DC834819D}.Debug|Any CPU.Build.0 = Debug|Any CPU
		{29917E57-3BB8-4D36-A1DB-1E2DC834819D}.Release|Any CPU.ActiveCfg = Release|Any CPU
		{29917E57-3BB8-4D36-A1DB-1E2DC834819D}.Release|Any CPU.Build.0 = Release|Any CPU
	EndGlobalSection
	GlobalSection(SolutionProperties) = preSolution
		HideSolutionNode = FALSE
	EndGlobalSection
	GlobalSection(ExtensibilityGlobals) = postSolution
		SolutionGuid = {AF1F7405-1460-4C04-A73B-D6043FB15924}
	EndGlobalSection
EndGlobal
